Microsoft Visual Studio Solution File, Format Version 11.00
# Visual Studio 2008

Project("{E03264A9-F5BF-C489-0D75-264B18DEF7C1}") = "PlayHeven", "Assembly-CSharp.csproj", "{546A9416-40B6-5BD2-A3AA-1D44C33E0EE6}"
EndProject
Global
	GlobalSection(SolutionConfigurationPlatforms) = preSolution
		Debug|Any CPU = Debug|Any CPU
		Release|Any CPU = Release|Any CPU
	EndGlobalSection
	GlobalSection(ProjectConfigurationPlatforms) = postSolution
		{546A9416-40B6-5BD2-A3AA-1D44C33E0EE6}.Debug|Any CPU.ActiveCfg = Debug|Any CPU
		{546A9416-40B6-5BD2-A3AA-1D44C33E0EE6}.Debug|Any CPU.Build.0 = Debug|Any CPU
		{546A9416-40B6-5BD2-A3AA-1D44C33E0EE6}.Release|Any CPU.ActiveCfg = Release|Any CPU
		{546A9416-40B6-5BD2-A3AA-1D44C33E0EE6}.Release|Any CPU.Build.0 = Release|Any CPU
	EndGlobalSection
	GlobalSection(SolutionProperties) = preSolution
		HideSolutionNode = FALSE
	EndGlobalSection
	GlobalSection(MonoDevelopProperties) = preSolution
		StartupItem = Assembly-CSharp.csproj
	EndGlobalSection
EndGlobal
